# This file is autogenerated, do not edit; changes may be undone by the next 'dep ensure'.


[[projects]]
  branch = "master"
  name = "github.com/libgolang/config"
  packages = ["."]
  revision = "8da93b7342f3c31fba5509aeacd16fe23a243fb6"

[[projects]]
  branch = "master"
  name = "github.com/libgolang/log"
  packages = ["."]
  revision = "c57bc4294c49a3637183da35fa902773cd777bb4"

[[projects]]
  name = "github.com/magiconair/properties"
  packages = ["."]
  revision = "c2353362d570a7bfa228149c62842019201cfb71"
  version = "v1.8.0"

[[projects]]
  branch = "master"
  name = "golang.org/x/net"
  packages = [
    "idna",
    "publicsuffix"
  ]
  revision = "dfa909b99c79129e1100513e5cd36307665e5723"

[[projects]]
  name = "golang.org/x/text"
  packages = [
    "collate",
    "collate/build",
    "internal/colltab",
    "internal/gen",
    "internal/tag",
    "internal/triegen",
    "internal/ucd",
    "language",
    "secure/bidirule",
    "transform",
    "unicode/bidi",
    "unicode/cldr",
    "unicode/norm",
    "unicode/rangetable"
  ]
  revision = "f21a4dfb5e38f5895301dc265a8def02365cc3d0"
  version = "v0.3.0"

[[projects]]
  name = "gopkg.in/resty.v1"
  packages = ["."]
  revision = "f0976a825c7520308909ce5a9e8b4f8675fdd6de"
  version = "v1.5"

[solve-meta]
  analyzer-name = "dep"
  analyzer-version = 1
  inputs-digest = "ca3c7237e570e10fc76f0a445f879e20437ae032c8b8e866d8add39284d1bc8b"
  solver-name = "gps-cdcl"
  solver-version = 1
